
Microsoft Visual Studio Solution File, Format Version 12.00
# Visual Studio Version 16
VisualStudioVersion = 16.0.29123.88
MinimumVisualStudioVersion = 10.0.40219.1
Project("{FAE04EC0-301F-11D3-BF4B-00C04F79EFBC}") = "agenda", "agenda\agenda.csproj", "{A40BD3C1-158C-43F6-968D-F0FBDE944A2B}"
EndProject
Global
	GlobalSection(SolutionConfigurationPlatforms) = preSolution
		Debug|Any CPU = Debug|Any CPU
		Release|Any CPU = Release|Any CPU
	EndGlobalSection
	GlobalSection(ProjectConfigurationPlatforms) = postSolution
		{A40BD3C1-158C-43F6-968D-F0FBDE944A2B}.Debug|Any CPU.ActiveCfg = Debug|Any CPU
		{A40BD3C1-158C-43F6-968D-F0FBDE944A2B}.Debug|Any CPU.Build.0 = Debug|Any CPU
		{A40BD3C1-158C-43F6-968D-F0FBDE944A2B}.Release|Any CPU.ActiveCfg = Release|Any CPU
		{A40BD3C1-158C-43F6-968D-F0FBDE944A2B}.Release|Any CPU.Build.0 = Release|Any CPU
	EndGlobalSection
	GlobalSection(SolutionProperties) = preSolution
		HideSolutionNode = FALSE
	EndGlobalSection
	GlobalSection(ExtensibilityGlobals) = postSolution
		SolutionGuid = {64E0B219-97B8-4BF0-BEFB-34B72F7F6A2D}
	EndGlobalSection
EndGlobal
